
Microsoft Visual Studio Solution File, Format Version 12.00
# Visual Studio Version 17
VisualStudioVersion = 17.10.34916.146
MinimumVisualStudioVersion = 10.0.40219.1
Project("{2150E333-8FDC-42A3-9474-1A3956D46DE8}") = "Src", "Src", "{0DAEDAFC-FD74-46AF-A3A3-27664225EF22}"
EndProject
Project("{2150E333-8FDC-42A3-9474-1A3956D46DE8}") = "RoomService", "RoomService", "{AB39CFB6-6BDD-4949-9DC2-DE061EA488C0}"
EndProject
Project("{2150E333-8FDC-42A3-9474-1A3956D46DE8}") = "BookingService", "BookingService", "{BFA94F77-A3BC-40F9-91C9-3B4A927D25BD}"
EndProject
Project("{9A19103F-16F7-4668-BE54-9A1E7A4F7556}") = "RoomService.Api", "RoomService.Api\RoomService.Api.csproj", "{A08F65EB-FD7E-48A4-83D8-A88518F80743}"
EndProject
Project("{9A19103F-16F7-4668-BE54-9A1E7A4F7556}") = "BookingService.Api", "BookingService.Api\BookingService.Api.csproj", "{896A2E83-F9F1-4854-9654-6563A0D6460F}"
EndProject
Project("{9A19103F-16F7-4668-BE54-9A1E7A4F7556}") = "RoomService.Domain", "RoomService.Domain\RoomService.Domain.csproj", "{BE86077D-F7C8-423E-A2CC-CD99E44EDB97}"
EndProject
Project("{9A19103F-16F7-4668-BE54-9A1E7A4F7556}") = "RoomService.Infrastructure", "RoomService.Infrastructure\RoomService.Infrastructure.csproj", "{5F7FF722-12B1-45D1-8C08-F7A5CDEFC8B3}"
EndProject
Project("{9A19103F-16F7-4668-BE54-9A1E7A4F7556}") = "RoomService.Application", "RoomService.Application\RoomService.Application.csproj", "{673CE80C-663E-4023-9335-7DD8A7E061E3}"
EndProject
Project("{9A19103F-16F7-4668-BE54-9A1E7A4F7556}") = "BookingService.Domain", "BookingService.Domain\BookingService.Domain.csproj", "{295EBF2B-D111-46D8-9623-4E6CAB040964}"
EndProject
Project("{9A19103F-16F7-4668-BE54-9A1E7A4F7556}") = "BookingService.Application", "BookingService.Application\BookingService.Application.csproj", "{0C340BB1-33FD-4F39-9A14-0E0E84149D1C}"
EndProject
Project("{9A19103F-16F7-4668-BE54-9A1E7A4F7556}") = "BookingService.Infrastructure", "BookingService.Infrastructure\BookingService.Infrastructure.csproj", "{EFE6018E-C9FB-4B2F-B964-79868DE75E2A}"
EndProject
Project("{9A19103F-16F7-4668-BE54-9A1E7A4F7556}") = "RoomReserve.Contracts", "RoomReserve.Contracts\RoomReserve.Contracts.csproj", "{606548B9-2A36-43F2-83F5-5729C1B4B2F4}"
EndProject
Project("{2150E333-8FDC-42A3-9474-1A3956D46DE8}") = "EmailService", "EmailService", "{3E473E75-DC3B-4314-96F1-133C5F6FB00A}"
EndProject
Project("{9A19103F-16F7-4668-BE54-9A1E7A4F7556}") = "EmailService", "EmailService\EmailService.csproj", "{0C693751-ED1D-4804-B20A-572476A5A67D}"
EndProject
Project("{2150E333-8FDC-42A3-9474-1A3956D46DE8}") = "PaymentService", "PaymentService", "{DFB2F0F6-948F-4A3C-823B-2FCFDEDA38E0}"
EndProject
Project("{FAE04EC0-301F-11D3-BF4B-00C04F79EFBC}") = "PaymentService.Worker", "PaymentService.Worker\PaymentService.Worker.csproj", "{A88E0504-A400-4822-B5BA-00CA62E8379B}"
EndProject
Project("{FAE04EC0-301F-11D3-BF4B-00C04F79EFBC}") = "PaymentService.Infrastructure", "PaymentService.Infrastructure\PaymentService.Infrastructure.csproj", "{8C46F353-4F99-46DA-9DD9-0FADFFF595D6}"
EndProject
Project("{FAE04EC0-301F-11D3-BF4B-00C04F79EFBC}") = "PaymentService.Application", "PaymentService.Application\PaymentService.Application.csproj", "{B59D4E0E-087B-4B38-99F6-98EE5048D88D}"
EndProject
Project("{FAE04EC0-301F-11D3-BF4B-00C04F79EFBC}") = "PaymentService.Domain", "PaymentService.Domain\PaymentService.Domain.csproj", "{EEA4A606-49D9-402C-B627-7198CAAB954D}"
EndProject
Global
	GlobalSection(SolutionConfigurationPlatforms) = preSolution
		Debug|Any CPU = Debug|Any CPU
		Release|Any CPU = Release|Any CPU
	EndGlobalSection
	GlobalSection(ProjectConfigurationPlatforms) = postSolution
		{A08F65EB-FD7E-48A4-83D8-A88518F80743}.Debug|Any CPU.ActiveCfg = Debug|Any CPU
		{A08F65EB-FD7E-48A4-83D8-A88518F80743}.Debug|Any CPU.Build.0 = Debug|Any CPU
		{A08F65EB-FD7E-48A4-83D8-A88518F80743}.Release|Any CPU.ActiveCfg = Release|Any CPU
		{A08F65EB-FD7E-48A4-83D8-A88518F80743}.Release|Any CPU.Build.0 = Release|Any CPU
		{896A2E83-F9F1-4854-9654-6563A0D6460F}.Debug|Any CPU.ActiveCfg = Debug|Any CPU
		{896A2E83-F9F1-4854-9654-6563A0D6460F}.Debug|Any CPU.Build.0 = Debug|Any CPU
		{896A2E83-F9F1-4854-9654-6563A0D6460F}.Release|Any CPU.ActiveCfg = Release|Any CPU
		{896A2E83-F9F1-4854-9654-6563A0D6460F}.Release|Any CPU.Build.0 = Release|Any CPU
		{BE86077D-F7C8-423E-A2CC-CD99E44EDB97}.Debug|Any CPU.ActiveCfg = Debug|Any CPU
		{BE86077D-F7C8-423E-A2CC-CD99E44EDB97}.Debug|Any CPU.Build.0 = Debug|Any CPU
		{BE86077D-F7C8-423E-A2CC-CD99E44EDB97}.Release|Any CPU.ActiveCfg = Release|Any CPU
		{BE86077D-F7C8-423E-A2CC-CD99E44EDB97}.Release|Any CPU.Build.0 = Release|Any CPU
		{5F7FF722-12B1-45D1-8C08-F7A5CDEFC8B3}.Debug|Any CPU.ActiveCfg = Debug|Any CPU
		{5F7FF722-12B1-45D1-8C08-F7A5CDEFC8B3}.Debug|Any CPU.Build.0 = Debug|Any CPU
		{5F7FF722-12B1-45D1-8C08-F7A5CDEFC8B3}.Release|Any CPU.ActiveCfg = Release|Any CPU
		{5F7FF722-12B1-45D1-8C08-F7A5CDEFC8B3}.Release|Any CPU.Build.0 = Release|Any CPU
		{673CE80C-663E-4023-9335-7DD8A7E061E3}.Debug|Any CPU.ActiveCfg = Debug|Any CPU
		{673CE80C-663E-4023-9335-7DD8A7E061E3}.Debug|Any CPU.Build.0 = Debug|Any CPU
		{673CE80C-663E-4023-9335-7DD8A7E061E3}.Release|Any CPU.ActiveCfg = Release|Any CPU
		{673CE80C-663E-4023-9335-7DD8A7E061E3}.Release|Any CPU.Build.0 = Release|Any CPU
		{295EBF2B-D111-46D8-9623-4E6CAB040964}.Debug|Any CPU.ActiveCfg = Debug|Any CPU
		{295EBF2B-D111-46D8-9623-4E6CAB040964}.Debug|Any CPU.Build.0 = Debug|Any CPU
		{295EBF2B-D111-46D8-9623-4E6CAB040964}.Release|Any CPU.ActiveCfg = Release|Any CPU
		{295EBF2B-D111-46D8-9623-4E6CAB040964}.Release|Any CPU.Build.0 = Release|Any CPU
		{0C340BB1-33FD-4F39-9A14-0E0E84149D1C}.Debug|Any CPU.ActiveCfg = Debug|Any CPU
		{0C340BB1-33FD-4F39-9A14-0E0E84149D1C}.Debug|Any CPU.Build.0 = Debug|Any CPU
		{0C340BB1-33FD-4F39-9A14-0E0E84149D1C}.Release|Any CPU.ActiveCfg = Release|Any CPU
		{0C340BB1-33FD-4F39-9A14-0E0E84149D1C}.Release|Any CPU.Build.0 = Release|Any CPU
		{EFE6018E-C9FB-4B2F-B964-79868DE75E2A}.Debug|Any CPU.ActiveCfg = Debug|Any CPU
		{EFE6018E-C9FB-4B2F-B964-79868DE75E2A}.Debug|Any CPU.Build.0 = Debug|Any CPU
		{EFE6018E-C9FB-4B2F-B964-79868DE75E2A}.Release|Any CPU.ActiveCfg = Release|Any CPU
		{EFE6018E-C9FB-4B2F-B964-79868DE75E2A}.Release|Any CPU.Build.0 = Release|Any CPU
		{606548B9-2A36-43F2-83F5-5729C1B4B2F4}.Debug|Any CPU.ActiveCfg = Debug|Any CPU
		{606548B9-2A36-43F2-83F5-5729C1B4B2F4}.Debug|Any CPU.Build.0 = Debug|Any CPU
		{606548B9-2A36-43F2-83F5-5729C1B4B2F4}.Release|Any CPU.ActiveCfg = Release|Any CPU
		{606548B9-2A36-43F2-83F5-5729C1B4B2F4}.Release|Any CPU.Build.0 = Release|Any CPU
		{0C693751-ED1D-4804-B20A-572476A5A67D}.Debug|Any CPU.ActiveCfg = Debug|Any CPU
		{0C693751-ED1D-4804-B20A-572476A5A67D}.Debug|Any CPU.Build.0 = Debug|Any CPU
		{0C693751-ED1D-4804-B20A-572476A5A67D}.Release|Any CPU.ActiveCfg = Release|Any CPU
		{0C693751-ED1D-4804-B20A-572476A5A67D}.Release|Any CPU.Build.0 = Release|Any CPU
		{A88E0504-A400-4822-B5BA-00CA62E8379B}.Debug|Any CPU.ActiveCfg = Debug|Any CPU
		{A88E0504-A400-4822-B5BA-00CA62E8379B}.Debug|Any CPU.Build.0 = Debug|Any CPU
		{A88E0504-A400-4822-B5BA-00CA62E8379B}.Release|Any CPU.ActiveCfg = Release|Any CPU
		{A88E0504-A400-4822-B5BA-00CA62E8379B}.Release|Any CPU.Build.0 = Release|Any CPU
		{8C46F353-4F99-46DA-9DD9-0FADFFF595D6}.Debug|Any CPU.ActiveCfg = Debug|Any CPU
		{8C46F353-4F99-46DA-9DD9-0FADFFF595D6}.Debug|Any CPU.Build.0 = Debug|Any CPU
		{8C46F353-4F99-46DA-9DD9-0FADFFF595D6}.Release|Any CPU.ActiveCfg = Release|Any CPU
		{8C46F353-4F99-46DA-9DD9-0FADFFF595D6}.Release|Any CPU.Build.0 = Release|Any CPU
		{B59D4E0E-087B-4B38-99F6-98EE5048D88D}.Debug|Any CPU.ActiveCfg = Debug|Any CPU
		{B59D4E0E-087B-4B38-99F6-98EE5048D88D}.Debug|Any CPU.Build.0 = Debug|Any CPU
		{B59D4E0E-087B-4B38-99F6-98EE5048D88D}.Release|Any CPU.ActiveCfg = Release|Any CPU
		{B59D4E0E-087B-4B38-99F6-98EE5048D88D}.Release|Any CPU.Build.0 = Release|Any CPU
		{EEA4A606-49D9-402C-B627-7198CAAB954D}.Debug|Any CPU.ActiveCfg = Debug|Any CPU
		{EEA4A606-49D9-402C-B627-7198CAAB954D}.Debug|Any CPU.Build.0 = Debug|Any CPU
		{EEA4A606-49D9-402C-B627-7198CAAB954D}.Release|Any CPU.ActiveCfg = Release|Any CPU
		{EEA4A606-49D9-402C-B627-7198CAAB954D}.Release|Any CPU.Build.0 = Release|Any CPU
	EndGlobalSection
	GlobalSection(SolutionProperties) = preSolution
		HideSolutionNode = FALSE
	EndGlobalSection
	GlobalSection(NestedProjects) = preSolution
		{AB39CFB6-6BDD-4949-9DC2-DE061EA488C0} = {0DAEDAFC-FD74-46AF-A3A3-27664225EF22}
		{BFA94F77-A3BC-40F9-91C9-3B4A927D25BD} = {0DAEDAFC-FD74-46AF-A3A3-27664225EF22}
		{A08F65EB-FD7E-48A4-83D8-A88518F80743} = {AB39CFB6-6BDD-4949-9DC2-DE061EA488C0}
		{896A2E83-F9F1-4854-9654-6563A0D6460F} = {BFA94F77-A3BC-40F9-91C9-3B4A927D25BD}
		{BE86077D-F7C8-423E-A2CC-CD99E44EDB97} = {AB39CFB6-6BDD-4949-9DC2-DE061EA488C0}
		{5F7FF722-12B1-45D1-8C08-F7A5CDEFC8B3} = {AB39CFB6-6BDD-4949-9DC2-DE061EA488C0}
		{673CE80C-663E-4023-9335-7DD8A7E061E3} = {AB39CFB6-6BDD-4949-9DC2-DE061EA488C0}
		{295EBF2B-D111-46D8-9623-4E6CAB040964} = {BFA94F77-A3BC-40F9-91C9-3B4A927D25BD}
		{0C340BB1-33FD-4F39-9A14-0E0E84149D1C} = {BFA94F77-A3BC-40F9-91C9-3B4A927D25BD}
		{EFE6018E-C9FB-4B2F-B964-79868DE75E2A} = {BFA94F77-A3BC-40F9-91C9-3B4A927D25BD}
		{606548B9-2A36-43F2-83F5-5729C1B4B2F4} = {0DAEDAFC-FD74-46AF-A3A3-27664225EF22}
		{3E473E75-DC3B-4314-96F1-133C5F6FB00A} = {0DAEDAFC-FD74-46AF-A3A3-27664225EF22}
		{0C693751-ED1D-4804-B20A-572476A5A67D} = {3E473E75-DC3B-4314-96F1-133C5F6FB00A}
		{DFB2F0F6-948F-4A3C-823B-2FCFDEDA38E0} = {0DAEDAFC-FD74-46AF-A3A3-27664225EF22}
		{A88E0504-A400-4822-B5BA-00CA62E8379B} = {DFB2F0F6-948F-4A3C-823B-2FCFDEDA38E0}
		{8C46F353-4F99-46DA-9DD9-0FADFFF595D6} = {DFB2F0F6-948F-4A3C-823B-2FCFDEDA38E0}
		{B59D4E0E-087B-4B38-99F6-98EE5048D88D} = {DFB2F0F6-948F-4A3C-823B-2FCFDEDA38E0}
		{EEA4A606-49D9-402C-B627-7198CAAB954D} = {DFB2F0F6-948F-4A3C-823B-2FCFDEDA38E0}
	EndGlobalSection
	GlobalSection(ExtensibilityGlobals) = postSolution
		SolutionGuid = {E9DC23C2-C8AD-4F7E-B042-C1398E1B12AF}
	EndGlobalSection
EndGlobal
